<?xml version="1.0" encoding="utf-8"?>
<Project ToolsVersion="4.0" xmlns="http://schemas.microsoft.com/developer/msbuild/2003">
  <ItemGroup>
    <Filter Include="源文件">
      <UniqueIdentifier>{4FC737F1-C7A5-4376-A066-2A32D752A2FF}</UniqueIdentifier>
      <Extensions>cpp;c;cc;cxx;c++;cppm;ixx;def;odl;idl;hpj;bat;asm;asmx</Extensions>
    </Filter>
    <Filter Include="头文件">
      <UniqueIdentifier>{93995380-89BD-4b04-88EB-625FBE52EBFB}</UniqueIdentifier>
      <Extensions>h;hh;hpp;hxx;h++;hm;inl;inc;ipp;xsd</Extensions>
    </Filter>
    <Filter Include="资源文件">
      <UniqueIdentifier>{67DA6AB6-F800-4c08-8B7A-83BB121AAD01}</UniqueIdentifier>
      <Extensions>rc;ico;cur;bmp;dlg;rc2;rct;bin;rgs;gif;jpg;jpeg;jpe;resx;tiff;tif;png;wav;mfcribbon-ms</Extensions>
    </Filter>
    <Filter Include="源文件\数组">
      <UniqueIdentifier>{8e4df1ff-df98-499c-9ea8-e00d09ab059f}</UniqueIdentifier>
    </Filter>
    <Filter Include="源文件\排序算法">
      <UniqueIdentifier>{aa017955-74fc-423c-a3a2-a4caf41940c8}</UniqueIdentifier>
    </Filter>
    <Filter Include="源文件\链表">
      <UniqueIdentifier>{0f395990-77a3-4196-85f0-ac4711702a57}</UniqueIdentifier>
    </Filter>
  </ItemGroup>
  <ItemGroup>
    <ClCompile Include="1.二分查找.h">
      <Filter>源文件\数组</Filter>
    </ClCompile>
    <ClCompile Include="2.移除元素.h">
      <Filter>源文件\数组</Filter>
    </ClCompile>
    <ClCompile Include="3.有序数组的平方.h">
      <Filter>源文件\数组</Filter>
    </ClCompile>
    <ClCompile Include="4.长度最小的子数组.h">
      <Filter>源文件\数组</Filter>
    </ClCompile>
    <ClCompile Include="5.螺旋矩阵II.h">
      <Filter>源文件\数组</Filter>
    </ClCompile>
    <ClCompile Include="6.区间和.cpp">
      <Filter>源文件\数组</Filter>
    </ClCompile>
    <ClCompile Include="7.开发商购买土地.cpp">
      <Filter>源文件\数组</Filter>
    </ClCompile>
    <ClCompile Include="8.移除链表元素.cpp">
      <Filter>源文件\链表</Filter>
    </ClCompile>
    <ClCompile Include="9.设计链表.cpp">
      <Filter>源文件\链表</Filter>
    </ClCompile>
    <ClCompile Include="10.反转链表.cpp">
      <Filter>源文件\链表</Filter>
    </ClCompile>
    <ClCompile Include="11.两两交换链表中的节点.cpp">
      <Filter>源文件\链表</Filter>
    </ClCompile>
  </ItemGroup>
  <ItemGroup>
    <ClInclude Include="快速排序算法.h">
      <Filter>源文件\排序算法</Filter>
    </ClInclude>
    <ClInclude Include="大根堆排序.h">
      <Filter>源文件\排序算法</Filter>
    </ClInclude>
  </ItemGroup>
</Project>